// !$*UTF8*$!
{
	archiveVersion = 1;
	classes = {
	};
	objectVersion = 46;
	objects = {

/* Begin PBXBuildFile section */
		18200A061A500A4800AC37B0 /* main.m in Sources */ = {isa = PBXBuildFile; fileRef = 18200A051A500A4800AC37B0 /* main.m */; };
		18200A091A500A4800AC37B0 /* AppDelegate.m in Sources */ = {isa = PBXBuildFile; fileRef = 18200A081A500A4800AC37B0 /* AppDelegate.m */; };
		18200A0C1A500A4800AC37B0 /* ViewController.m in Sources */ = {isa = PBXBuildFile; fileRef = 18200A0B1A500A4800AC37B0 /* ViewController.m */; };
		18200A0F1A500A4800AC37B0 /* Main.storyboard in Resources */ = {isa = PBXBuildFile; fileRef = 18200A0D1A500A4800AC37B0 /* Main.storyboard */; };
		18200A111A500A4800AC37B0 /* Images.xcassets in Resources */ = {isa = PBXBuildFile; fileRef = 18200A101A500A4800AC37B0 /* Images.xcassets */; };
		18200A141A500A4800AC37B0 /* LaunchScreen.xib in Resources */ = {isa = PBXBuildFile; fileRef = 18200A121A500A4800AC37B0 /* LaunchScreen.xib */; };
		18200A201A500A4800AC37B0 /* Oc_webviewTests.m in Sources */ = {isa = PBXBuildFile; fileRef = 18200A1F1A500A4800AC37B0 /* Oc_webviewTests.m */; };
/* End PBXBuildFile section */

/* Begin PBXContainerItemProxy section */
		18200A1A1A500A4800AC37B0 /* PBXContainerItemProxy */ = {
			isa = PBXContainerItemProxy;
			containerPortal = 182009F81A500A4800AC37B0 /* Project object */;
			proxyType = 1;
			remoteGlobalIDString = 182009FF1A500A4800AC37B0;
			remoteInfo = "Oc-webview";
		};
/* End PBXContainerItemProxy section */

/* Begin PBXFileReference section */
		18200A001A500A4800AC37B0 /* Oc-webview.app */ = {isa = PBXFileReference; explicitFileType = wrapper.application; includeInIndex = 0; path = "Oc-webview.app"; sourceTree = BUILT_PRODUCTS_DIR; };
		18200A041A500A4800AC37B0 /* Info.plist */ = {isa = PBXFileReference; lastKnownFileType = text.plist.xml; path = Info.plist; sourceTree = "<group>"; };
		18200A051A500A4800AC37B0 /* main.m */ = {isa = PBXFileReference; lastKnownFileType = sourcecode.c.objc; path = main.m; sourceTree = "<group>"; };
		18200A071A500A4800AC37B0 /* AppDelegate.h */ = {isa = PBXFileReference; lastKnownFileType = sourcecode.c.h; path = AppDelegate.h; sourceTree = "<group>"; };
		18200A081A500A4800AC37B0 /* AppDelegate.m */ = {isa = PBXFileReference; lastKnownFileType = sourcecode.c.objc; path = AppDelegate.m; sourceTree = "<group>"; };
		18200A0A1A500A4800AC37B0 /* ViewController.h */ = {isa = PBXFileReference; lastKnownFileType = sourcecode.c.h; path = ViewController.h; sourceTree = "<group>"; };
		18200A0B1A500A4800AC37B0 /* ViewController.m */ = {isa = PBXFileReference; lastKnownFileType = sourcecode.c.objc; path = ViewController.m; sourceTree = "<group>"; };
		18200A0E1A500A4800AC37B0 /* Base */ = {isa = PBXFileReference; lastKnownFileType = file.storyboard; name = Base; path = Base.lproj/Main.storyboard; sourceTree = "<group>"; };
		18200A101A500A4800AC37B0 /* Images.xcassets */ = {isa = PBXFileReference; lastKnownFileType = folder.assetcatalog; path = Images.xcassets; sourceTree = "<group>"; };
		18200A131A500A4800AC37B0 /* Base */ = {isa = PBXFileReference; lastKnownFileType = file.xib; name = Base; path = Base.lproj/LaunchScreen.xib; sourceTree = "<group>"; };
		18200A191A500A4800AC37B0 /* Oc-webviewTests.xctest */ = {isa = PBXFileReference; explicitFileType = wrapper.cfbundle; includeInIndex = 0; path = "Oc-webviewTests.xctest"; sourceTree = BUILT_PRODUCTS_DIR; };
		18200A1E1A500A4800AC37B0 /* Info.plist */ = {isa = PBXFileReference; lastKnownFileType = text.plist.xml; path = Info.plist; sourceTree = "<group>"; };
		18200A1F1A500A4800AC37B0 /* Oc_webviewTests.m */ = {isa = PBXFileReference; lastKnownFileType = sourcecode.c.objc; path = Oc_webviewTests.m; sourceTree = "<group>"; };
/* End PBXFileReference section */

/* Begin PBXFrameworksBuildPhase section */
		182009FD1A500A4800AC37B0 /* Frameworks */ = {
			isa = PBXFrameworksBuildPhase;
			buildActionMask = 2147483647;
			files = (
			);
			runOnlyForDeploymentPostprocessing = 0;
		};
		18200A161A500A4800AC37B0 /* Frameworks */ = {
			isa = PBXFrameworksBuildPhase;
			buildActionMask = 2147483647;
			files = (
			);
			runOnlyForDeploymentPostprocessing = 0;
		};
/* End PBXFrameworksBuildPhase section */

/* Begin PBXGroup section */
		182009F71A500A4800AC37B0 = {
			isa = PBXGroup;
			children = (
				18200A021A500A4800AC37B0 /* Oc-webview */,
				18200A1C1A500A4800AC37B0 /* Oc-webviewTests */,
				18200A011A500A4800AC37B0 /* Products */,
			);
			sourceTree = "<group>";
		};
		18200A011A500A4800AC37B0 /* Products */ = {
			isa = PBXGroup;
			children = (
				18200A001A500A4800AC37B0 /* Oc-webview.app */,
				18200A191A500A4800AC37B0 /* Oc-webviewTests.xctest */,
			);
			name = Products;
			sourceTree = "<group>";
		};
		18200A021A500A4800AC37B0 /* Oc-webview */ = {
			isa = PBXGroup;
			children = (
				18200A071A500A4800AC37B0 /* AppDelegate.h */,
				18200A081A500A4800AC37B0 /* AppDelegate.m */,
				18200A0A1A500A4800AC37B0 /* ViewController.h */,
				18200A0B1A500A4800AC37B0 /* ViewController.m */,
				18200A0D1A500A4800AC37B0 /* Main.storyboard */,
				18200A101A500A4800AC37B0 /* Images.xcassets */,
				18200A121A500A4800AC37B0 /* LaunchScreen.xib */,
				18200A031A500A4800AC37B0 /* Supporting Files */,
			);
			path = "Oc-webview";
			sourceTree = "<group>";
		};
		18200A031A500A4800AC37B0 /* Supporting Files */ = {
			isa = PBXGroup;
			children = (
				18200A041A500A4800AC37B0 /* Info.plist */,
				18200A051A500A4800AC37B0 /* main.m */,
			);
			name = "Supporting Files";
			sourceTree = "<group>";
		};
		18200A1C1A500A4800AC37B0 /* Oc-webviewTests */ = {
			isa = PBXGroup;
			children = (
				18200A1F1A500A4800AC37B0 /* Oc_webviewTests.m */,
				18200A1D1A500A4800AC37B0 /* Supporting Files */,
			);
			path = "Oc-webviewTests";
			sourceTree = "<group>";
		};
		18200A1D1A500A4800AC37B0 /* Supporting Files */ = {
			isa = PBXGroup;
			children = (
				18200A1E1A500A4800AC37B0 /* Info.plist */,
			);
			name = "Supporting Files";
			sourceTree = "<group>";
		};
/* End PBXGroup section */

/* Begin PBXNativeTarget section */
		182009FF1A500A4800AC37B0 /* Oc-webview */ = {
			isa = PBXNativeTarget;
			buildConfigurationList = 18200A231A500A4800AC37B0 /* Build configuration list for PBXNativeTarget "Oc-webview" */;
			buildPhases = (
				182009FC1A500A4800AC37B0 /* Sources */,
				182009FD1A500A4800AC37B0 /* Frameworks */,
				182009FE1A500A4800AC37B0 /* Resources */,
			);
			buildRules = (
			);
			dependencies = (
			);
			name = "Oc-webview";
			productName = "Oc-webview";
			productReference = 18200A001A500A4800AC37B0 /* Oc-webview.app */;
			productType = "com.apple.product-type.application";
		};
		18200A181A500A4800AC37B0 /* Oc-webviewTests */ = {
			isa = PBXNativeTarget;
			buildConfigurationList = 18200A261A500A4800AC37B0 /* Build configuration list for PBXNativeTarget "Oc-webviewTests" */;
			buildPhases = (
				18200A151A500A4800AC37B0 /* Sources */,
				18200A161A500A4800AC37B0 /* Frameworks */,
				18200A171A500A4800AC37B0 /* Resources */,
			);
			buildRules = (
			);
			dependencies = (
				18200A1B1A500A4800AC37B0 /* PBXTargetDependency */,
			);
			name = "Oc-webviewTests";
			productName = "Oc-webviewTests";
			productReference = 18200A191A500A4800AC37B0 /* Oc-webviewTests.xctest */;
			productType = "com.apple.product-type.bundle.unit-test";
		};
/* End PBXNativeTarget section */

/* Begin PBXProject section */
		182009F81A500A4800AC37B0 /* Project object */ = {
			isa = PBXProject;
			attributes = {
				LastUpgradeCheck = 0610;
				ORGANIZATIONNAME = thinker;
				TargetAttributes = {
					182009FF1A500A4800AC37B0 = {
						CreatedOnToolsVersion = 6.1.1;
					};
					18200A181A500A4800AC37B0 = {
						CreatedOnToolsVersion = 6.1.1;
						TestTargetID = 182009FF1A500A4800AC37B0;
					};
				};
			};
			buildConfigurationList = 182009FB1A500A4800AC37B0 /* Build configuration list for PBXProject "Oc-webview" */;
			compatibilityVersion = "Xcode 3.2";
			developmentRegion = English;
			hasScannedForEncodings = 0;
			knownRegions = (
				en,
				Base,
			);
			mainGroup = 182009F71A500A4800AC37B0;
			productRefGroup = 18200A011A500A4800AC37B0 /* Products */;
			projectDirPath = "";
			projectRoot = "";
			targets = (
				182009FF1A500A4800AC37B0 /* Oc-webview */,
				18200A181A500A4800AC37B0 /* Oc-webviewTests */,
			);
		};
/* End PBXProject section */

/* Begin PBXResourcesBuildPhase section */
		182009FE1A500A4800AC37B0 /* Resources */ = {
			isa = PBXResourcesBuildPhase;
			buildActionMask = 2147483647;
			files = (
				18200A0F1A500A4800AC37B0 /* Main.storyboard in Resources */,
				18200A141A500A4800AC37B0 /* LaunchScreen.xib in Resources */,
				18200A111A500A4800AC37B0 /* Images.xcassets in Resources */,
			);
			runOnlyForDeploymentPostprocessing = 0;
		};
		18200A171A500A4800AC37B0 /* Resources */ = {
			isa = PBXResourcesBuildPhase;
			buildActionMask = 2147483647;
			files = (
			);
			runOnlyForDeploymentPostprocessing = 0;
		};
/* End PBXResourcesBuildPhase section */

/* Begin PBXSourcesBuildPhase section */
		182009FC1A500A4800AC37B0 /* Sources */ = {
			isa = PBXSourcesBuildPhase;
			buildActionMask = 2147483647;
			files = (
				18200A0C1A500A4800AC37B0 /* ViewController.m in Sources */,
				18200A091A500A4800AC37B0 /* AppDelegate.m in Sources */,
				18200A061A500A4800AC37B0 /* main.m in Sources */,
			);
			runOnlyForDeploymentPostprocessing = 0;
		};
		18200A151A500A4800AC37B0 /* Sources */ = {
			isa = PBXSourcesBuildPhase;
			buildActionMask = 2147483647;
			files = (
				18200A201A500A4800AC37B0 /* Oc_webviewTests.m in Sources */,
			);
			runOnlyForDeploymentPostprocessing = 0;
		};
/* End PBXSourcesBuildPhase section */

/* Begin PBXTargetDependency section */
		18200A1B1A500A4800AC37B0 /* PBXTargetDependency */ = {
			isa = PBXTargetDependency;
			target = 182009FF1A500A4800AC37B0 /* Oc-webview */;
			targetProxy = 18200A1A1A500A4800AC37B0 /* PBXContainerItemProxy */;
		};
/* End PBXTargetDependency section */

/* Begin PBXVariantGroup section */
		18200A0D1A500A4800AC37B0 /* Main.storyboard */ = {
			isa = PBXVariantGroup;
			children = (
				18200A0E1A500A4800AC37B0 /* Base */,
			);
			name = Main.storyboard;
			sourceTree = "<group>";
		};
		18200A121A500A4800AC37B0 /* LaunchScreen.xib */ = {
			isa = PBXVariantGroup;
			children = (
				18200A131A500A4800AC37B0 /* Base */,
			);
			name = LaunchScreen.xib;
			sourceTree = "<group>";
		};
/* End PBXVariantGroup section */

/* Begin XCBuildConfiguration section */
		18200A211A500A4800AC37B0 /* Debug */ = {
			isa = XCBuildConfiguration;
			buildSettings = {
				ALWAYS_SEARCH_USER_PATHS = NO;
				CLANG_CXX_LANGUAGE_STANDARD = "gnu++0x";
				CLANG_CXX_LIBRARY = "libc++";
				CLANG_ENABLE_MODULES = YES;
				CLANG_ENABLE_OBJC_ARC = YES;
				CLANG_WARN_BOOL_CONVERSION = YES;
				CLANG_WARN_CONSTANT_CONVERSION = YES;
				CLANG_WARN_DIRECT_OBJC_ISA_USAGE = YES_ERROR;
				CLANG_WARN_EMPTY_BODY = YES;
				CLANG_WARN_ENUM_CONVERSION = YES;
				CLANG_WARN_INT_CONVERSION = YES;
				CLANG_WARN_OBJC_ROOT_CLASS = YES_ERROR;
				CLANG_WARN_UNREACHABLE_CODE = YES;
				CLANG_WARN__DUPLICATE_METHOD_MATCH = YES;
				"CODE_SIGN_IDENTITY[sdk=iphoneos*]" = "iPhone Developer";
				COPY_PHASE_STRIP = NO;
				ENABLE_STRICT_OBJC_MSGSEND = YES;
				GCC_C_LANGUAGE_STANDARD = gnu99;
				GCC_DYNAMIC_NO_PIC = NO;
				GCC_OPTIMIZATION_LEVEL = 0;
				GCC_PREPROCESSOR_DEFINITIONS = (
					"DEBUG=1",
					"$(inherited)",
				);
				GCC_SYMBOLS_PRIVATE_EXTERN = NO;
				GCC_WARN_64_TO_32_BIT_CONVERSION = YES;
				GCC_WARN_ABOUT_RETURN_TYPE = YES_ERROR;
				GCC_WARN_UNDECLARED_SELECTOR = YES;
				GCC_WARN_UNINITIALIZED_AUTOS = YES_AGGRESSIVE;
				GCC_WARN_UNUSED_FUNCTION = YES;
				GCC_WARN_UNUSED_VARIABLE = YES;
				IPHONEOS_DEPLOYMENT_TARGET = 8.1;
				MTL_ENABLE_DEBUG_INFO = YES;
				ONLY_ACTIVE_ARCH = YES;
				SDKROOT = iphoneos;
			};
			name = Debug;
		};
		18200A221A500A4800AC37B0 /* Release */ = {
			isa = XCBuildConfiguration;
			buildSettings = {
				ALWAYS_SEARCH_USER_PATHS = NO;
				CLANG_CXX_LANGUAGE_STANDARD = "gnu++0x";
				CLANG_CXX_LIBRARY = "libc++";
				CLANG_ENABLE_MODULES = YES;
				CLANG_ENABLE_OBJC_ARC = YES;
				CLANG_WARN_BOOL_CONVERSION = YES;
				CLANG_WARN_CONSTANT_CONVERSION = YES;
				CLANG_WARN_DIRECT_OBJC_ISA_USAGE = YES_ERROR;
				CLANG_WARN_EMPTY_BODY = YES;
				CLANG_WARN_ENUM_CONVERSION = YES;
				CLANG_WARN_INT_CONVERSION = YES;
				CLANG_WARN_OBJC_ROOT_CLASS = YES_ERROR;
				CLANG_WARN_UNREACHABLE_CODE = YES;
				CLANG_WARN__DUPLICATE_METHOD_MATCH = YES;
				"CODE_SIGN_IDENTITY[sdk=iphoneos*]" = "iPhone Developer";
				COPY_PHASE_STRIP = YES;
				ENABLE_NS_ASSERTIONS = NO;
				ENABLE_STRICT_OBJC_MSGSEND = YES;
				GCC_C_LANGUAGE_STANDARD = gnu99;
				GCC_WARN_64_TO_32_BIT_CONVERSION = YES;
				GCC_WARN_ABOUT_RETURN_TYPE = YES_ERROR;
				GCC_WARN_UNDECLARED_SELECTOR = YES;
				GCC_WARN_UNINITIALIZED_AUTOS = YES_AGGRESSIVE;
				GCC_WARN_UNUSED_FUNCTION = YES;
				GCC_WARN_UNUSED_VARIABLE = YES;
				IPHONEOS_DEPLOYMENT_TARGET = 8.1;
				MTL_ENABLE_DEBUG_INFO = NO;
				SDKROOT = iphoneos;
				VALIDATE_PRODUCT = YES;
			};
			name = Release;
		};
		18200A241A500A4800AC37B0 /* Debug */ = {
			isa = XCBuildConfiguration;
			buildSettings = {
				ASSETCATALOG_COMPILER_APPICON_NAME = AppIcon;
				INFOPLIST_FILE = "Oc-webview/Info.plist";
				LD_RUNPATH_SEARCH_PATHS = "$(inherited) @executable_path/Frameworks";
				PRODUCT_NAME = "$(TARGET_NAME)";
			};
			name = Debug;
		};
		18200A251A500A4800AC37B0 /* Release */ = {
			isa = XCBuildConfiguration;
			buildSettings = {
				ASSETCATALOG_COMPILER_APPICON_NAME = AppIcon;
				INFOPLIST_FILE = "Oc-webview/Info.plist";
				LD_RUNPATH_SEARCH_PATHS = "$(inherited) @executable_path/Frameworks";
				PRODUCT_NAME = "$(TARGET_NAME)";
			};
			name = Release;
		};
		18200A271A500A4800AC37B0 /* Debug */ = {
			isa = XCBuildConfiguration;
			buildSettings = {
				BUNDLE_LOADER = "$(TEST_HOST)";
				FRAMEWORK_SEARCH_PATHS = (
					"$(SDKROOT)/Developer/Library/Frameworks",
					"$(inherited)",
				);
				GCC_PREPROCESSOR_DEFINITIONS = (
					"DEBUG=1",
					"$(inherited)",
				);
				INFOPLIST_FILE = "Oc-webviewTests/Info.plist";
				LD_RUNPATH_SEARCH_PATHS = "$(inherited) @executable_path/Frameworks @loader_path/Frameworks";
				PRODUCT_NAME = "$(TARGET_NAME)";
				TEST_HOST = "$(BUILT_PRODUCTS_DIR)/Oc-webview.app/Oc-webview";
			};
			name = Debug;
		};
		18200A281A500A4800AC37B0 /* Release */ = {
			isa = XCBuildConfiguration;
			buildSettings = {
				BUNDLE_LOADER = "$(TEST_HOST)";
				FRAMEWORK_SEARCH_PATHS = (
					"$(SDKROOT)/Developer/Library/Frameworks",
					"$(inherited)",
				);
				INFOPLIST_FILE = "Oc-webviewTests/Info.plist";
				LD_RUNPATH_SEARCH_PATHS = "$(inherited) @executable_path/Frameworks @loader_path/Frameworks";
				PRODUCT_NAME = "$(TARGET_NAME)";
				TEST_HOST = "$(BUILT_PRODUCTS_DIR)/Oc-webview.app/Oc-webview";
			};
			name = Release;
		};
/* End XCBuildConfiguration section */

/* Begin XCConfigurationList section */
		182009FB1A500A4800AC37B0 /* Build configuration list for PBXProject "Oc-webview" */ = {
			isa = XCConfigurationList;
			buildConfigurations = (
				18200A211A500A4800AC37B0 /* Debug */,
				18200A221A500A4800AC37B0 /* Release */,
			);
			defaultConfigurationIsVisible = 0;
			defaultConfigurationName = Release;
		};
		18200A231A500A4800AC37B0 /* Build configuration list for PBXNativeTarget "Oc-webview" */ = {
			isa = XCConfigurationList;
			buildConfigurations = (
				18200A241A500A4800AC37B0 /* Debug */,
				18200A251A500A4800AC37B0 /* Release */,
			);
			defaultConfigurationIsVisible = 0;
		};
		18200A261A500A4800AC37B0 /* Build configuration list for PBXNativeTarget "Oc-webviewTests" */ = {
			isa = XCConfigurationList;
			buildConfigurations = (
				18200A271A500A4800AC37B0 /* Debug */,
				18200A281A500A4800AC37B0 /* Release */,
			);
			defaultConfigurationIsVisible = 0;
		};
/* End XCConfigurationList section */
	};
	rootObject = 182009F81A500A4800AC37B0 /* Project object */;
}
